// !$*UTF8*$!
{
	archiveVersion = 1;
	classes = {
	};
	objectVersion = 50;
	objects = {

/* Begin PBXBuildFile section */
		3E135418244FAB500031A7E7 /* Token.swift in Sources */ = {isa = PBXBuildFile; fileRef = 3E135417244FAB500031A7E7 /* Token.swift */; };
		3E13541A244FABCE0031A7E7 /* Abstract Tokens.swift in Sources */ = {isa = PBXBuildFile; fileRef = 3E135419244FABCE0031A7E7 /* Abstract Tokens.swift */; };
		3E13541C244FEACE0031A7E7 /* Highlighter.swift in Sources */ = {isa = PBXBuildFile; fileRef = 3E13541B244FEACE0031A7E7 /* Highlighter.swift */; };
		3E13A853244F6C66003F5AC6 /* AppDelegate.swift in Sources */ = {isa = PBXBuildFile; fileRef = 3E13A852244F6C66003F5AC6 /* AppDelegate.swift */; };
		3E13A855244F6C66003F5AC6 /* Document.swift in Sources */ = {isa = PBXBuildFile; fileRef = 3E13A854244F6C66003F5AC6 /* Document.swift */; };
		3E13A858244F6C66003F5AC6 /* Document.xib in Resources */ = {isa = PBXBuildFile; fileRef = 3E13A856244F6C66003F5AC6 /* Document.xib */; };
		3E13A85A244F6C69003F5AC6 /* Assets.xcassets in Resources */ = {isa = PBXBuildFile; fileRef = 3E13A859244F6C69003F5AC6 /* Assets.xcassets */; };
		3E13A85D244F6C69003F5AC6 /* MainMenu.xib in Resources */ = {isa = PBXBuildFile; fileRef = 3E13A85B244F6C69003F5AC6 /* MainMenu.xib */; };
		3E13A866244F6CEB003F5AC6 /* Core Tokens.swift in Sources */ = {isa = PBXBuildFile; fileRef = 3E13A865244F6CEB003F5AC6 /* Core Tokens.swift */; };
		3E13A868244F6F42003F5AC6 /* TestData.swift in Sources */ = {isa = PBXBuildFile; fileRef = 3E13A867244F6F42003F5AC6 /* TestData.swift */; };
		3E13A86A244F8A7D003F5AC6 /* Keyword.swift in Sources */ = {isa = PBXBuildFile; fileRef = 3E13A869244F8A7D003F5AC6 /* Keyword.swift */; };
		3E13A86C244FAA5C003F5AC6 /* Parser.swift in Sources */ = {isa = PBXBuildFile; fileRef = 3E13A86B244FAA5C003F5AC6 /* Parser.swift */; };
		3E6FCF872450F49700401FB3 /* Benchmarker.swift in Sources */ = {isa = PBXBuildFile; fileRef = 3E6FCF862450F49700401FB3 /* Benchmarker.swift */; };
/* End PBXBuildFile section */

/* Begin PBXFileReference section */
		3E135417244FAB500031A7E7 /* Token.swift */ = {isa = PBXFileReference; lastKnownFileType = sourcecode.swift; path = Token.swift; sourceTree = "<group>"; };
		3E135419244FABCE0031A7E7 /* Abstract Tokens.swift */ = {isa = PBXFileReference; lastKnownFileType = sourcecode.swift; path = "Abstract Tokens.swift"; sourceTree = "<group>"; };
		3E13541B244FEACE0031A7E7 /* Highlighter.swift */ = {isa = PBXFileReference; lastKnownFileType = sourcecode.swift; path = Highlighter.swift; sourceTree = "<group>"; };
		3E13A84F244F6C66003F5AC6 /* SpringRTSLuaIDETest.app */ = {isa = PBXFileReference; explicitFileType = wrapper.application; includeInIndex = 0; path = SpringRTSLuaIDETest.app; sourceTree = BUILT_PRODUCTS_DIR; };
		3E13A852244F6C66003F5AC6 /* AppDelegate.swift */ = {isa = PBXFileReference; lastKnownFileType = sourcecode.swift; path = AppDelegate.swift; sourceTree = "<group>"; };
		3E13A854244F6C66003F5AC6 /* Document.swift */ = {isa = PBXFileReference; lastKnownFileType = sourcecode.swift; path = Document.swift; sourceTree = "<group>"; };
		3E13A857244F6C66003F5AC6 /* Base */ = {isa = PBXFileReference; lastKnownFileType = file.xib; name = Base; path = Base.lproj/Document.xib; sourceTree = "<group>"; };
		3E13A859244F6C69003F5AC6 /* Assets.xcassets */ = {isa = PBXFileReference; lastKnownFileType = folder.assetcatalog; path = Assets.xcassets; sourceTree = "<group>"; };
		3E13A85C244F6C69003F5AC6 /* Base */ = {isa = PBXFileReference; lastKnownFileType = file.xib; name = Base; path = Base.lproj/MainMenu.xib; sourceTree = "<group>"; };
		3E13A85E244F6C69003F5AC6 /* Info.plist */ = {isa = PBXFileReference; lastKnownFileType = text.plist.xml; path = Info.plist; sourceTree = "<group>"; };
		3E13A85F244F6C69003F5AC6 /* SpringRTSLuaIDETest.entitlements */ = {isa = PBXFileReference; lastKnownFileType = text.plist.entitlements; path = SpringRTSLuaIDETest.entitlements; sourceTree = "<group>"; };
		3E13A865244F6CEB003F5AC6 /* Core Tokens.swift */ = {isa = PBXFileReference; lastKnownFileType = sourcecode.swift; path = "Core Tokens.swift"; sourceTree = "<group>"; };
		3E13A867244F6F42003F5AC6 /* TestData.swift */ = {isa = PBXFileReference; lastKnownFileType = sourcecode.swift; path = TestData.swift; sourceTree = "<group>"; };
		3E13A869244F8A7D003F5AC6 /* Keyword.swift */ = {isa = PBXFileReference; lastKnownFileType = sourcecode.swift; path = Keyword.swift; sourceTree = "<group>"; };
		3E13A86B244FAA5C003F5AC6 /* Parser.swift */ = {isa = PBXFileReference; lastKnownFileType = sourcecode.swift; path = Parser.swift; sourceTree = "<group>"; };
		3E6FCF862450F49700401FB3 /* Benchmarker.swift */ = {isa = PBXFileReference; lastKnownFileType = sourcecode.swift; path = Benchmarker.swift; sourceTree = "<group>"; };
/* End PBXFileReference section */

/* Begin PBXFrameworksBuildPhase section */
		3E13A84C244F6C66003F5AC6 /* Frameworks */ = {
			isa = PBXFrameworksBuildPhase;
			buildActionMask = 2147483647;
			files = (
			);
			runOnlyForDeploymentPostprocessing = 0;
		};
/* End PBXFrameworksBuildPhase section */

/* Begin PBXGroup section */
		3E13A846244F6C66003F5AC6 = {
			isa = PBXGroup;
			children = (
				3E13A851244F6C66003F5AC6 /* SpringRTSLuaIDETest */,
				3E13A850244F6C66003F5AC6 /* Products */,
			);
			sourceTree = "<group>";
		};
		3E13A850244F6C66003F5AC6 /* Products */ = {
			isa = PBXGroup;
			children = (
				3E13A84F244F6C66003F5AC6 /* SpringRTSLuaIDETest.app */,
			);
			name = Products;
			sourceTree = "<group>";
		};
		3E13A851244F6C66003F5AC6 /* SpringRTSLuaIDETest */ = {
			isa = PBXGroup;
			children = (
				3E13A852244F6C66003F5AC6 /* AppDelegate.swift */,
				3E13A854244F6C66003F5AC6 /* Document.swift */,
				3E13A867244F6F42003F5AC6 /* TestData.swift */,
				3E13A86B244FAA5C003F5AC6 /* Parser.swift */,
				3E6FCF862450F49700401FB3 /* Benchmarker.swift */,
				3E13541B244FEACE0031A7E7 /* Highlighter.swift */,
				3E13A86D244FAA96003F5AC6 /* Tokens */,
				3E13A856244F6C66003F5AC6 /* Document.xib */,
				3E13A859244F6C69003F5AC6 /* Assets.xcassets */,
				3E13A85B244F6C69003F5AC6 /* MainMenu.xib */,
				3E13A85E244F6C69003F5AC6 /* Info.plist */,
				3E13A85F244F6C69003F5AC6 /* SpringRTSLuaIDETest.entitlements */,
			);
			path = SpringRTSLuaIDETest;
			sourceTree = "<group>";
		};
		3E13A86D244FAA96003F5AC6 /* Tokens */ = {
			isa = PBXGroup;
			children = (
				3E135417244FAB500031A7E7 /* Token.swift */,
				3E135419244FABCE0031A7E7 /* Abstract Tokens.swift */,
				3E13A865244F6CEB003F5AC6 /* Core Tokens.swift */,
				3E13A869244F8A7D003F5AC6 /* Keyword.swift */,
			);
			path = Tokens;
			sourceTree = "<group>";
		};
/* End PBXGroup section */

/* Begin PBXNativeTarget section */
		3E13A84E244F6C66003F5AC6 /* SpringRTSLuaIDETest */ = {
			isa = PBXNativeTarget;
			buildConfigurationList = 3E13A862244F6C69003F5AC6 /* Build configuration list for PBXNativeTarget "SpringRTSLuaIDETest" */;
			buildPhases = (
				3E13A84B244F6C66003F5AC6 /* Sources */,
				3E13A84C244F6C66003F5AC6 /* Frameworks */,
				3E13A84D244F6C66003F5AC6 /* Resources */,
			);
			buildRules = (
			);
			dependencies = (
			);
			name = SpringRTSLuaIDETest;
			productName = SpringRTSLuaIDETest;
			productReference = 3E13A84F244F6C66003F5AC6 /* SpringRTSLuaIDETest.app */;
			productType = "com.apple.product-type.application";
		};
/* End PBXNativeTarget section */

/* Begin PBXProject section */
		3E13A847244F6C66003F5AC6 /* Project object */ = {
			isa = PBXProject;
			attributes = {
				LastSwiftUpdateCheck = 1130;
				LastUpgradeCheck = 1130;
				ORGANIZATIONNAME = MasterBel2;
				TargetAttributes = {
					3E13A84E244F6C66003F5AC6 = {
						CreatedOnToolsVersion = 11.3.1;
					};
				};
			};
			buildConfigurationList = 3E13A84A244F6C66003F5AC6 /* Build configuration list for PBXProject "SpringRTSLuaIDETest" */;
			compatibilityVersion = "Xcode 9.3";
			developmentRegion = en;
			hasScannedForEncodings = 0;
			knownRegions = (
				en,
				Base,
			);
			mainGroup = 3E13A846244F6C66003F5AC6;
			productRefGroup = 3E13A850244F6C66003F5AC6 /* Products */;
			projectDirPath = "";
			projectRoot = "";
			targets = (
				3E13A84E244F6C66003F5AC6 /* SpringRTSLuaIDETest */,
			);
		};
/* End PBXProject section */

/* Begin PBXResourcesBuildPhase section */
		3E13A84D244F6C66003F5AC6 /* Resources */ = {
			isa = PBXResourcesBuildPhase;
			buildActionMask = 2147483647;
			files = (
				3E13A85A244F6C69003F5AC6 /* Assets.xcassets in Resources */,
				3E13A858244F6C66003F5AC6 /* Document.xib in Resources */,
				3E13A85D244F6C69003F5AC6 /* MainMenu.xib in Resources */,
			);
			runOnlyForDeploymentPostprocessing = 0;
		};
/* End PBXResourcesBuildPhase section */

/* Begin PBXSourcesBuildPhase section */
		3E13A84B244F6C66003F5AC6 /* Sources */ = {
			isa = PBXSourcesBuildPhase;
			buildActionMask = 2147483647;
			files = (
				3E13541A244FABCE0031A7E7 /* Abstract Tokens.swift in Sources */,
				3E13A866244F6CEB003F5AC6 /* Core Tokens.swift in Sources */,
				3E6FCF872450F49700401FB3 /* Benchmarker.swift in Sources */,
				3E135418244FAB500031A7E7 /* Token.swift in Sources */,
				3E13A86A244F8A7D003F5AC6 /* Keyword.swift in Sources */,
				3E13A86C244FAA5C003F5AC6 /* Parser.swift in Sources */,
				3E13A855244F6C66003F5AC6 /* Document.swift in Sources */,
				3E13A853244F6C66003F5AC6 /* AppDelegate.swift in Sources */,
				3E13541C244FEACE0031A7E7 /* Highlighter.swift in Sources */,
				3E13A868244F6F42003F5AC6 /* TestData.swift in Sources */,
			);
			runOnlyForDeploymentPostprocessing = 0;
		};
/* End PBXSourcesBuildPhase section */

/* Begin PBXVariantGroup section */
		3E13A856244F6C66003F5AC6 /* Document.xib */ = {
			isa = PBXVariantGroup;
			children = (
				3E13A857244F6C66003F5AC6 /* Base */,
			);
			name = Document.xib;
			sourceTree = "<group>";
		};
		3E13A85B244F6C69003F5AC6 /* MainMenu.xib */ = {
			isa = PBXVariantGroup;
			children = (
				3E13A85C244F6C69003F5AC6 /* Base */,
			);
			name = MainMenu.xib;
			sourceTree = "<group>";
		};
/* End PBXVariantGroup section */

/* Begin XCBuildConfiguration section */
		3E13A860244F6C69003F5AC6 /* Debug */ = {
			isa = XCBuildConfiguration;
			buildSettings = {
				ALWAYS_SEARCH_USER_PATHS = NO;
				CLANG_ANALYZER_NONNULL = YES;
				CLANG_ANALYZER_NUMBER_OBJECT_CONVERSION = YES_AGGRESSIVE;
				CLANG_CXX_LANGUAGE_STANDARD = "gnu++14";
				CLANG_CXX_LIBRARY = "libc++";
				CLANG_ENABLE_MODULES = YES;
				CLANG_ENABLE_OBJC_ARC = YES;
				CLANG_ENABLE_OBJC_WEAK = YES;
				CLANG_WARN_BLOCK_CAPTURE_AUTORELEASING = YES;
				CLANG_WARN_BOOL_CONVERSION = YES;
				CLANG_WARN_COMMA = YES;
				CLANG_WARN_CONSTANT_CONVERSION = YES;
				CLANG_WARN_DEPRECATED_OBJC_IMPLEMENTATIONS = YES;
				CLANG_WARN_DIRECT_OBJC_ISA_USAGE = YES_ERROR;
				CLANG_WARN_DOCUMENTATION_COMMENTS = YES;
				CLANG_WARN_EMPTY_BODY = YES;
				CLANG_WARN_ENUM_CONVERSION = YES;
				CLANG_WARN_INFINITE_RECURSION = YES;
				CLANG_WARN_INT_CONVERSION = YES;
				CLANG_WARN_NON_LITERAL_NULL_CONVERSION = YES;
				CLANG_WARN_OBJC_IMPLICIT_RETAIN_SELF = YES;
				CLANG_WARN_OBJC_LITERAL_CONVERSION = YES;
				CLANG_WARN_OBJC_ROOT_CLASS = YES_ERROR;
				CLANG_WARN_RANGE_LOOP_ANALYSIS = YES;
				CLANG_WARN_STRICT_PROTOTYPES = YES;
				CLANG_WARN_SUSPICIOUS_MOVE = YES;
				CLANG_WARN_UNGUARDED_AVAILABILITY = YES_AGGRESSIVE;
				CLANG_WARN_UNREACHABLE_CODE = YES;
				CLANG_WARN__DUPLICATE_METHOD_MATCH = YES;
				COPY_PHASE_STRIP = NO;
				DEBUG_INFORMATION_FORMAT = dwarf;
				ENABLE_STRICT_OBJC_MSGSEND = YES;
				ENABLE_TESTABILITY = YES;
				GCC_C_LANGUAGE_STANDARD = gnu11;
				GCC_DYNAMIC_NO_PIC = NO;
				GCC_NO_COMMON_BLOCKS = YES;
				GCC_OPTIMIZATION_LEVEL = 0;
				GCC_PREPROCESSOR_DEFINITIONS = (
					"DEBUG=1",
					"$(inherited)",
				);
				GCC_WARN_64_TO_32_BIT_CONVERSION = YES;
				GCC_WARN_ABOUT_RETURN_TYPE = YES_ERROR;
				GCC_WARN_UNDECLARED_SELECTOR = YES;
				GCC_WARN_UNINITIALIZED_AUTOS = YES_AGGRESSIVE;
				GCC_WARN_UNUSED_FUNCTION = YES;
				GCC_WARN_UNUSED_VARIABLE = YES;
				MACOSX_DEPLOYMENT_TARGET = 10.15;
				MTL_ENABLE_DEBUG_INFO = INCLUDE_SOURCE;
				MTL_FAST_MATH = YES;
				ONLY_ACTIVE_ARCH = YES;
				SDKROOT = macosx;
				SWIFT_ACTIVE_COMPILATION_CONDITIONS = DEBUG;
				SWIFT_OPTIMIZATION_LEVEL = "-Onone";
			};
			name = Debug;
		};
		3E13A861244F6C69003F5AC6 /* Release */ = {
			isa = XCBuildConfiguration;
			buildSettings = {
				ALWAYS_SEARCH_USER_PATHS = NO;
				CLANG_ANALYZER_NONNULL = YES;
				CLANG_ANALYZER_NUMBER_OBJECT_CONVERSION = YES_AGGRESSIVE;
				CLANG_CXX_LANGUAGE_STANDARD = "gnu++14";
				CLANG_CXX_LIBRARY = "libc++";
				CLANG_ENABLE_MODULES = YES;
				CLANG_ENABLE_OBJC_ARC = YES;
				CLANG_ENABLE_OBJC_WEAK = YES;
				CLANG_WARN_BLOCK_CAPTURE_AUTORELEASING = YES;
				CLANG_WARN_BOOL_CONVERSION = YES;
				CLANG_WARN_COMMA = YES;
				CLANG_WARN_CONSTANT_CONVERSION = YES;
				CLANG_WARN_DEPRECATED_OBJC_IMPLEMENTATIONS = YES;
				CLANG_WARN_DIRECT_OBJC_ISA_USAGE = YES_ERROR;
				CLANG_WARN_DOCUMENTATION_COMMENTS = YES;
				CLANG_WARN_EMPTY_BODY = YES;
				CLANG_WARN_ENUM_CONVERSION = YES;
				CLANG_WARN_INFINITE_RECURSION = YES;
				CLANG_WARN_INT_CONVERSION = YES;
				CLANG_WARN_NON_LITERAL_NULL_CONVERSION = YES;
				CLANG_WARN_OBJC_IMPLICIT_RETAIN_SELF = YES;
				CLANG_WARN_OBJC_LITERAL_CONVERSION = YES;
				CLANG_WARN_OBJC_ROOT_CLASS = YES_ERROR;
				CLANG_WARN_RANGE_LOOP_ANALYSIS = YES;
				CLANG_WARN_STRICT_PROTOTYPES = YES;
				CLANG_WARN_SUSPICIOUS_MOVE = YES;
				CLANG_WARN_UNGUARDED_AVAILABILITY = YES_AGGRESSIVE;
				CLANG_WARN_UNREACHABLE_CODE = YES;
				CLANG_WARN__DUPLICATE_METHOD_MATCH = YES;
				COPY_PHASE_STRIP = NO;
				DEBUG_INFORMATION_FORMAT = "dwarf-with-dsym";
				ENABLE_NS_ASSERTIONS = NO;
				ENABLE_STRICT_OBJC_MSGSEND = YES;
				GCC_C_LANGUAGE_STANDARD = gnu11;
				GCC_NO_COMMON_BLOCKS = YES;
				GCC_WARN_64_TO_32_BIT_CONVERSION = YES;
				GCC_WARN_ABOUT_RETURN_TYPE = YES_ERROR;
				GCC_WARN_UNDECLARED_SELECTOR = YES;
				GCC_WARN_UNINITIALIZED_AUTOS = YES_AGGRESSIVE;
				GCC_WARN_UNUSED_FUNCTION = YES;
				GCC_WARN_UNUSED_VARIABLE = YES;
				MACOSX_DEPLOYMENT_TARGET = 10.15;
				MTL_ENABLE_DEBUG_INFO = NO;
				MTL_FAST_MATH = YES;
				SDKROOT = macosx;
				SWIFT_COMPILATION_MODE = wholemodule;
				SWIFT_OPTIMIZATION_LEVEL = "-O";
			};
			name = Release;
		};
		3E13A863244F6C69003F5AC6 /* Debug */ = {
			isa = XCBuildConfiguration;
			buildSettings = {
				ASSETCATALOG_COMPILER_APPICON_NAME = AppIcon;
				CODE_SIGN_ENTITLEMENTS = SpringRTSLuaIDETest/SpringRTSLuaIDETest.entitlements;
				CODE_SIGN_STYLE = Automatic;
				COMBINE_HIDPI_IMAGES = YES;
				INFOPLIST_FILE = SpringRTSLuaIDETest/Info.plist;
				LD_RUNPATH_SEARCH_PATHS = (
					"$(inherited)",
					"@executable_path/../Frameworks",
				);
				PRODUCT_BUNDLE_IDENTIFIER = com.masterbel2.SpringRTSLuaIDETest;
				PRODUCT_NAME = "$(TARGET_NAME)";
				SWIFT_VERSION = 5.0;
			};
			name = Debug;
		};
		3E13A864244F6C69003F5AC6 /* Release */ = {
			isa = XCBuildConfiguration;
			buildSettings = {
				ASSETCATALOG_COMPILER_APPICON_NAME = AppIcon;
				CODE_SIGN_ENTITLEMENTS = SpringRTSLuaIDETest/SpringRTSLuaIDETest.entitlements;
				CODE_SIGN_STYLE = Automatic;
				COMBINE_HIDPI_IMAGES = YES;
				INFOPLIST_FILE = SpringRTSLuaIDETest/Info.plist;
				LD_RUNPATH_SEARCH_PATHS = (
					"$(inherited)",
					"@executable_path/../Frameworks",
				);
				PRODUCT_BUNDLE_IDENTIFIER = com.masterbel2.SpringRTSLuaIDETest;
				PRODUCT_NAME = "$(TARGET_NAME)";
				SWIFT_VERSION = 5.0;
			};
			name = Release;
		};
/* End XCBuildConfiguration section */

/* Begin XCConfigurationList section */
		3E13A84A244F6C66003F5AC6 /* Build configuration list for PBXProject "SpringRTSLuaIDETest" */ = {
			isa = XCConfigurationList;
			buildConfigurations = (
				3E13A860244F6C69003F5AC6 /* Debug */,
				3E13A861244F6C69003F5AC6 /* Release */,
			);
			defaultConfigurationIsVisible = 0;
			defaultConfigurationName = Release;
		};
		3E13A862244F6C69003F5AC6 /* Build configuration list for PBXNativeTarget "SpringRTSLuaIDETest" */ = {
			isa = XCConfigurationList;
			buildConfigurations = (
				3E13A863244F6C69003F5AC6 /* Debug */,
				3E13A864244F6C69003F5AC6 /* Release */,
			);
			defaultConfigurationIsVisible = 0;
			defaultConfigurationName = Release;
		};
/* End XCConfigurationList section */
	};
	rootObject = 3E13A847244F6C66003F5AC6 /* Project object */;
}
